
Microsoft Visual Studio Solution File, Format Version 12.00
# Visual Studio Version 16
VisualStudioVersion = 16.0.31410.223
MinimumVisualStudioVersion = 10.0.40219.1
Project("{9A19103F-16F7-4668-BE54-9A1E7A4F7556}") = "Betatalks.SWA.API", "Betatalks.SWA.API\Betatalks.SWA.API.csproj", "{6C339091-D836-48B0-AC03-40CB0C027323}"
EndProject
Project("{9A19103F-16F7-4668-BE54-9A1E7A4F7556}") = "Betatalks.SWA.Models", "Betatalks.SWA.Models\Betatalks.SWA.Models.csproj", "{CC5C0C27-9616-43DA-A69C-F3BDFB15AF7C}"
EndProject
Project("{9A19103F-16F7-4668-BE54-9A1E7A4F7556}") = "Betatalks.SWA.Web", "Betatalks.SWA.Web\Betatalks.SWA.Web.csproj", "{45B8D1AB-9491-4784-9FA7-5897C322A982}"
EndProject
Global
	GlobalSection(SolutionConfigurationPlatforms) = preSolution
		Debug|Any CPU = Debug|Any CPU
		Release|Any CPU = Release|Any CPU
	EndGlobalSection
	GlobalSection(ProjectConfigurationPlatforms) = postSolution
		{6C339091-D836-48B0-AC03-40CB0C027323}.Debug|Any CPU.ActiveCfg = Debug|Any CPU
		{6C339091-D836-48B0-AC03-40CB0C027323}.Debug|Any CPU.Build.0 = Debug|Any CPU
		{6C339091-D836-48B0-AC03-40CB0C027323}.Release|Any CPU.ActiveCfg = Release|Any CPU
		{6C339091-D836-48B0-AC03-40CB0C027323}.Release|Any CPU.Build.0 = Release|Any CPU
		{CC5C0C27-9616-43DA-A69C-F3BDFB15AF7C}.Debug|Any CPU.ActiveCfg = Debug|Any CPU
		{CC5C0C27-9616-43DA-A69C-F3BDFB15AF7C}.Debug|Any CPU.Build.0 = Debug|Any CPU
		{CC5C0C27-9616-43DA-A69C-F3BDFB15AF7C}.Release|Any CPU.ActiveCfg = Release|Any CPU
		{CC5C0C27-9616-43DA-A69C-F3BDFB15AF7C}.Release|Any CPU.Build.0 = Release|Any CPU
		{45B8D1AB-9491-4784-9FA7-5897C322A982}.Debug|Any CPU.ActiveCfg = Debug|Any CPU
		{45B8D1AB-9491-4784-9FA7-5897C322A982}.Debug|Any CPU.Build.0 = Debug|Any CPU
		{45B8D1AB-9491-4784-9FA7-5897C322A982}.Release|Any CPU.ActiveCfg = Release|Any CPU
		{45B8D1AB-9491-4784-9FA7-5897C322A982}.Release|Any CPU.Build.0 = Release|Any CPU
	EndGlobalSection
	GlobalSection(SolutionProperties) = preSolution
		HideSolutionNode = FALSE
	EndGlobalSection
	GlobalSection(ExtensibilityGlobals) = postSolution
		SolutionGuid = {D252CDF7-BBF2-49C3-A01E-E94D94C76495}
	EndGlobalSection
EndGlobal
